
Microsoft Visual Studio Solution File, Format Version 12.00
# Visual Studio 15
Project("{FAE04EC0-301F-11D3-BF4B-00C04F79EFBC}") = "Assembly-CSharp", "Assembly-CSharp.csproj", "{BEF05526-21E2-1CA6-E733-05E9E2359C0A}"
EndProject
Global
	GlobalSection(SolutionConfigurationPlatforms) = preSolution
		Debug|Any CPU = Debug|Any CPU
		Release|Any CPU = Release|Any CPU
	EndGlobalSection
	GlobalSection(ProjectConfigurationPlatforms) = postSolution
		{BEF05526-21E2-1CA6-E733-05E9E2359C0A}.Debug|Any CPU.ActiveCfg = Debug|Any CPU
		{BEF05526-21E2-1CA6-E733-05E9E2359C0A}.Debug|Any CPU.Build.0 = Debug|Any CPU
		{BEF05526-21E2-1CA6-E733-05E9E2359C0A}.Release|Any CPU.ActiveCfg = Release|Any CPU
		{BEF05526-21E2-1CA6-E733-05E9E2359C0A}.Release|Any CPU.Build.0 = Release|Any CPU
	EndGlobalSection
	GlobalSection(SolutionProperties) = preSolution
		HideSolutionNode = FALSE
	EndGlobalSection
EndGlobal
